# This file was autogenerated by Stack.
# You should not edit this file by hand.
# For more information, please see the documentation at:
#   https://docs.haskellstack.org/en/stable/lock_files

packages:
- completed:
    hackage: socket-0.8.3.0@sha256:25c35fc352de42010871ac2162b344a48d43512fa51f3ac24e8518fb964cc11e,3414
    pantry-tree:
      sha256: 7624c9b5bcf71109aebd94ae8ae9dbec1503184784e4546de75c0c19e792a475
      size: 2064
  original:
    hackage: socket-0.8.3.0
snapshots:
- completed:
    sha256: 6f0bea3ba5b07360f25bc886e8cff8d847767557a492a6f7f6dcb06e3cc79ee9
    size: 712905
    url: https://raw.githubusercontent.com/commercialhaskell/stackage-snapshots/master/lts/22/13.yaml
  original: lts-22.13
